
Microsoft Visual Studio Solution File, Format Version 12.00
# Visual Studio Version 17
VisualStudioVersion = 17.0.31903.59
MinimumVisualStudioVersion = 10.0.40219.1
Project("{FAE04EC0-301F-11D3-BF4B-00C04F79EFBC}") = "HaybaleApp.API", "HaybaleApp.API\HaybaleApp.API.csproj", "{3601D133-B262-4470-98FA-692459DA54D5}"
EndProject
Project("{FAE04EC0-301F-11D3-BF4B-00C04F79EFBC}") = "HaybaleApp.Core", "HaybaleApp.Core\HaybaleApp.Core.csproj", "{430ADE74-AAF8-4606-9A96-22B0426BAC44}"
EndProject
Project("{FAE04EC0-301F-11D3-BF4B-00C04F79EFBC}") = "HaybaleApp.Application", "HaybaleApp.Application\HaybaleApp.Application.csproj", "{E6492080-6E6E-4685-933B-8B828B475F00}"
EndProject
Project("{FAE04EC0-301F-11D3-BF4B-00C04F79EFBC}") = "HaybaleApp.Infrastructure", "HaybaleApp.Infrastructure\HaybaleApp.Infrastructure.csproj", "{5466B2CC-35D2-44C9-8623-98C7B9EF65BD}"
EndProject
Project("{FAE04EC0-301F-11D3-BF4B-00C04F79EFBC}") = "HaybaleApp.Shared", "HaybaleApp.Shared\HaybaleApp.Shared.csproj", "{CF3DA9F8-42A0-473B-8F7F-2155978B1B5C}"
EndProject
Global
	GlobalSection(SolutionConfigurationPlatforms) = preSolution
		Debug|Any CPU = Debug|Any CPU
		Release|Any CPU = Release|Any CPU
	EndGlobalSection
	GlobalSection(SolutionProperties) = preSolution
		HideSolutionNode = FALSE
	EndGlobalSection
	GlobalSection(ProjectConfigurationPlatforms) = postSolution
		{3601D133-B262-4470-98FA-692459DA54D5}.Debug|Any CPU.ActiveCfg = Debug|Any CPU
		{3601D133-B262-4470-98FA-692459DA54D5}.Debug|Any CPU.Build.0 = Debug|Any CPU
		{3601D133-B262-4470-98FA-692459DA54D5}.Release|Any CPU.ActiveCfg = Release|Any CPU
		{3601D133-B262-4470-98FA-692459DA54D5}.Release|Any CPU.Build.0 = Release|Any CPU
		{430ADE74-AAF8-4606-9A96-22B0426BAC44}.Debug|Any CPU.ActiveCfg = Debug|Any CPU
		{430ADE74-AAF8-4606-9A96-22B0426BAC44}.Debug|Any CPU.Build.0 = Debug|Any CPU
		{430ADE74-AAF8-4606-9A96-22B0426BAC44}.Release|Any CPU.ActiveCfg = Release|Any CPU
		{430ADE74-AAF8-4606-9A96-22B0426BAC44}.Release|Any CPU.Build.0 = Release|Any CPU
		{E6492080-6E6E-4685-933B-8B828B475F00}.Debug|Any CPU.ActiveCfg = Debug|Any CPU
		{E6492080-6E6E-4685-933B-8B828B475F00}.Debug|Any CPU.Build.0 = Debug|Any CPU
		{E6492080-6E6E-4685-933B-8B828B475F00}.Release|Any CPU.ActiveCfg = Release|Any CPU
		{E6492080-6E6E-4685-933B-8B828B475F00}.Release|Any CPU.Build.0 = Release|Any CPU
		{5466B2CC-35D2-44C9-8623-98C7B9EF65BD}.Debug|Any CPU.ActiveCfg = Debug|Any CPU
		{5466B2CC-35D2-44C9-8623-98C7B9EF65BD}.Debug|Any CPU.Build.0 = Debug|Any CPU
		{5466B2CC-35D2-44C9-8623-98C7B9EF65BD}.Release|Any CPU.ActiveCfg = Release|Any CPU
		{5466B2CC-35D2-44C9-8623-98C7B9EF65BD}.Release|Any CPU.Build.0 = Release|Any CPU
		{CF3DA9F8-42A0-473B-8F7F-2155978B1B5C}.Debug|Any CPU.ActiveCfg = Debug|Any CPU
		{CF3DA9F8-42A0-473B-8F7F-2155978B1B5C}.Debug|Any CPU.Build.0 = Debug|Any CPU
		{CF3DA9F8-42A0-473B-8F7F-2155978B1B5C}.Release|Any CPU.ActiveCfg = Release|Any CPU
		{CF3DA9F8-42A0-473B-8F7F-2155978B1B5C}.Release|Any CPU.Build.0 = Release|Any CPU
	EndGlobalSection
EndGlobal
